# This file was autogenerated by Stack.
# You should not edit this file by hand.
# For more information, please see the documentation at:
#   https://docs.haskellstack.org/en/stable/lock_files

packages:
- completed:
    hackage: random-1.2.1.1@sha256:dea1f11e5569332dc6c8efaad1cb301016a5587b6754943a49f9de08ae0e56d9,6541
    pantry-tree:
      sha256: 646ee77fe01178837ee928b61ae8653dcf190e9b5353ebebd094079c77a18b76
      size: 1528
  original:
    hackage: random-1.2.1.1
- completed:
    hackage: parallel-3.2.2.0@sha256:6edd5a06938cea3d28b406d5231683f89737e854af144a8800aa69e1eee785e0,1821
    pantry-tree:
      sha256: 6ec36425356925d6d9042769a29ab4ec2aa69c2a7161c49ff18a9a77c1d957b1
      size: 392
  original:
    hackage: parallel-3.2.2.0
snapshots:
- completed:
    sha256: 7f4393ad659c579944d12202cffb12d8e4b8114566b015f77bbc303a24cff934
    size: 619405
    url: https://raw.githubusercontent.com/commercialhaskell/stackage-snapshots/master/lts/19/28.yaml
  original: lts-19.28
